
Microsoft Visual Studio Solution File, Format Version 12.00
Project("{FAE04EC0-301F-11D3-BF4B-00C04F79EFBC}") = "UptimeWarner", "UptimeWarner\UptimeWarner.csproj", "{420D1F7C-CD38-442F-9E34-29C20949D258}"
EndProject
Global
	GlobalSection(SolutionConfigurationPlatforms) = preSolution
		Debug|Any CPU = Debug|Any CPU
		Release|Any CPU = Release|Any CPU
	EndGlobalSection
	GlobalSection(ProjectConfigurationPlatforms) = postSolution
		{420D1F7C-CD38-442F-9E34-29C20949D258}.Debug|Any CPU.ActiveCfg = Debug|Any CPU
		{420D1F7C-CD38-442F-9E34-29C20949D258}.Debug|Any CPU.Build.0 = Debug|Any CPU
		{420D1F7C-CD38-442F-9E34-29C20949D258}.Release|Any CPU.ActiveCfg = Release|Any CPU
		{420D1F7C-CD38-442F-9E34-29C20949D258}.Release|Any CPU.Build.0 = Release|Any CPU
	EndGlobalSection
EndGlobal
